{
  "name": "my-fullstack-project",
  "version": "1.0.0",
  "lockfileVersion": 3,
  "requires": true,
  "packages": {
    "": {
      "name": "my-fullstack-project",
      "version": "1.0.0",
      "hasInstallScript": true,
      "dependencies": {
        "my-fullstack-project": "file:"
      },
      "devDependencies": {}
    },
    "node_modules/my-fullstack-project": {
      "resolved": "",
      "link": true
    }
  }
}
